<?xml version="1.0" encoding="utf-8"?>
<Project ToolsVersion="4.0" xmlns="http://schemas.microsoft.com/developer/msbuild/2003">
  <ItemGroup>
    <Filter Include="Source Files">
      <UniqueIdentifier>{4FC737F1-C7A5-4376-A066-2A32D752A2FF}</UniqueIdentifier>
      <Extensions>cpp;c;cc;cxx;def;odl;idl;hpj;bat;asm;asmx</Extensions>
    </Filter>
    <Filter Include="Header Files">
      <UniqueIdentifier>{93995380-89BD-4b04-88EB-625FBE52EBFB}</UniqueIdentifier>
      <Extensions>h;hh;hpp;hxx;hm;inl;inc;xsd</Extensions>
    </Filter>
    <Filter Include="Resource Files">
      <UniqueIdentifier>{67DA6AB6-F800-4c08-8B7A-83BB121AAD01}</UniqueIdentifier>
      <Extensions>rc;ico;cur;bmp;dlg;rc2;rct;bin;rgs;gif;jpg;jpeg;jpe;resx;tiff;tif;png;wav</Extensions>
    </Filter>
  </ItemGroup>
  <ItemGroup>
    <ClCompile Include="source\ai\ai.cpp">
      <Filter>Source Files</Filter>
    </ClCompile>
    <ClCompile Include="source\cache\cache_files.cpp">
      <Filter>Source Files</Filter>
    </ClCompile>
    <ClCompile Include="source\camera\camera_track.cpp">
      <Filter>Source Files</Filter>
    </ClCompile>
    <ClCompile Include="source\cseries\cseries.cpp">
      <Filter>Source Files</Filter>
    </ClCompile>
    <ClCompile Include="source\effects\jetwash.cpp">
      <Filter>Source Files</Filter>
    </ClCompile>
    <ClCompile Include="source\game\campaign_metagame.cpp">
      <Filter>Source Files</Filter>
    </ClCompile>
    <ClCompile Include="source\game\game_allegiance.cpp">
      <Filter>Source Files</Filter>
    </ClCompile>
    <ClCompile Include="source\items\item_definitions.cpp">
      <Filter>Source Files</Filter>
    </ClCompile>
    <ClCompile Include="source\main\main.cpp">
      <Filter>Source Files</Filter>
    </ClCompile>
    <ClCompile Include="source\math\integer_math.cpp">
      <Filter>Source Files</Filter>
    </ClCompile>
    <ClCompile Include="source\math\real_math.cpp">
      <Filter>Source Files</Filter>
    </ClCompile>
    <ClCompile Include="source\objects\crates.cpp">
      <Filter>Source Files</Filter>
    </ClCompile>
    <ClCompile Include="source\objects\multiplayer_game_objects.cpp">
      <Filter>Source Files</Filter>
    </ClCompile>
    <ClCompile Include="source\objects\object_definitions.cpp">
      <Filter>Source Files</Filter>
    </ClCompile>
    <ClCompile Include="source\objects\object_types.cpp">
      <Filter>Source Files</Filter>
    </ClCompile>
    <ClCompile Include="source\objects\scenery.cpp">
      <Filter>Source Files</Filter>
    </ClCompile>
    <ClCompile Include="source\objects\widgets\antenna.cpp">
      <Filter>Source Files</Filter>
    </ClCompile>
    <ClCompile Include="source\objects\widgets\cloth.cpp">
      <Filter>Source Files</Filter>
    </ClCompile>
    <ClCompile Include="source\physics\water_physics.cpp">
      <Filter>Source Files</Filter>
    </ClCompile>
    <ClCompile Include="source\scenario\scenario.cpp">
      <Filter>Source Files</Filter>
    </ClCompile>
    <ClCompile Include="source\simulation\game_interface\simulation_game_position_updates.cpp">
      <Filter>Source Files</Filter>
    </ClCompile>
    <ClCompile Include="source\tag_files\tag_definitions.cpp">
      <Filter>Source Files</Filter>
    </ClCompile>
    <ClCompile Include="source\tag_files\tag_groups.cpp">
      <Filter>Source Files</Filter>
    </ClCompile>
    <ClCompile Include="source\units\unit_definitions.cpp">
      <Filter>Source Files</Filter>
    </ClCompile>
    <ClCompile Include="source\devices\devices.cpp">
      <Filter>Source Files</Filter>
    </ClCompile>
    <ClCompile Include="source\devices\device_machines.cpp">
      <Filter>Source Files</Filter>
    </ClCompile>
    <ClCompile Include="source\devices\device_controls.cpp">
      <Filter>Source Files</Filter>
    </ClCompile>
  </ItemGroup>
  <ItemGroup>
    <ClInclude Include="source\ai\ai.h">
      <Filter>Header Files</Filter>
    </ClInclude>
    <ClInclude Include="source\ai\character_definitions.h">
      <Filter>Header Files</Filter>
    </ClInclude>
    <ClInclude Include="source\cache\cache_files.h">
      <Filter>Header Files</Filter>
    </ClInclude>
    <ClInclude Include="source\camera\camera_track.h">
      <Filter>Header Files</Filter>
    </ClInclude>
    <ClInclude Include="source\commands\commands.h">
      <Filter>Header Files</Filter>
    </ClInclude>
    <ClInclude Include="source\cseries\cseries.h">
      <Filter>Header Files</Filter>
    </ClInclude>
    <ClInclude Include="source\effects\effect_definitions.h">
      <Filter>Header Files</Filter>
    </ClInclude>
    <ClInclude Include="source\effects\jetwash.h">
      <Filter>Header Files</Filter>
    </ClInclude>
    <ClInclude Include="source\effects\material_effect_definitions.h">
      <Filter>Header Files</Filter>
    </ClInclude>
    <ClInclude Include="source\effects\screen_effect.h">
      <Filter>Header Files</Filter>
    </ClInclude>
    <ClInclude Include="source\game\campaign_metagame.h">
      <Filter>Header Files</Filter>
    </ClInclude>
    <ClInclude Include="source\game\game_allegiance.h">
      <Filter>Header Files</Filter>
    </ClInclude>
    <ClInclude Include="source\interface\chud\chud_definitions.h">
      <Filter>Header Files</Filter>
    </ClInclude>
    <ClInclude Include="source\items\equipment_definitions.h">
      <Filter>Header Files</Filter>
    </ClInclude>
    <ClInclude Include="source\items\item_definitions.h">
      <Filter>Header Files</Filter>
    </ClInclude>
    <ClInclude Include="source\items\weapon_definitions.h">
      <Filter>Header Files</Filter>
    </ClInclude>
    <ClInclude Include="source\math\function_definitions.h">
      <Filter>Header Files</Filter>
    </ClInclude>
    <ClInclude Include="source\math\integer_math.h">
      <Filter>Header Files</Filter>
    </ClInclude>
    <ClInclude Include="source\math\real_math.h">
      <Filter>Header Files</Filter>
    </ClInclude>
    <ClInclude Include="source\models\model_definitions.h">
      <Filter>Header Files</Filter>
    </ClInclude>
    <ClInclude Include="source\objects\crates.h">
      <Filter>Header Files</Filter>
    </ClInclude>
    <ClInclude Include="source\objects\damage.h">
      <Filter>Header Files</Filter>
    </ClInclude>
    <ClInclude Include="source\objects\damage_new.h">
      <Filter>Header Files</Filter>
    </ClInclude>
    <ClInclude Include="source\objects\multiplayer_game_objects.h">
      <Filter>Header Files</Filter>
    </ClInclude>
    <ClInclude Include="source\objects\object_definitions.h">
      <Filter>Header Files</Filter>
    </ClInclude>
    <ClInclude Include="source\objects\object_types.h">
      <Filter>Header Files</Filter>
    </ClInclude>
    <ClInclude Include="source\objects\scenery.h">
      <Filter>Header Files</Filter>
    </ClInclude>
    <ClInclude Include="source\objects\widgets\antenna.h">
      <Filter>Header Files</Filter>
    </ClInclude>
    <ClInclude Include="source\objects\widgets\cloth.h">
      <Filter>Header Files</Filter>
    </ClInclude>
    <ClInclude Include="source\physics\grounded_friction.h">
      <Filter>Header Files</Filter>
    </ClInclude>
    <ClInclude Include="source\physics\havok_collision_damage.h">
      <Filter>Header Files</Filter>
    </ClInclude>
    <ClInclude Include="source\physics\spring_acceleration.h">
      <Filter>Header Files</Filter>
    </ClInclude>
    <ClInclude Include="source\physics\water_physics.h">
      <Filter>Header Files</Filter>
    </ClInclude>
    <ClInclude Include="source\scenario\scenario.h">
      <Filter>Header Files</Filter>
    </ClInclude>
    <ClInclude Include="source\simulation\game_interface\simulation_game_position_updates.h">
      <Filter>Header Files</Filter>
    </ClInclude>
    <ClInclude Include="source\sound\sound_definitions.h">
      <Filter>Header Files</Filter>
    </ClInclude>
    <ClInclude Include="source\tag_files\tag_definitions.h">
      <Filter>Header Files</Filter>
    </ClInclude>
    <ClInclude Include="source\tag_files\tag_groups.h">
      <Filter>Header Files</Filter>
    </ClInclude>
    <ClInclude Include="source\units\biped_definitions.h">
      <Filter>Header Files</Filter>
    </ClInclude>
    <ClInclude Include="source\units\giant_definitions.h">
      <Filter>Header Files</Filter>
    </ClInclude>
    <ClInclude Include="source\units\unit_definitions.h">
      <Filter>Header Files</Filter>
    </ClInclude>
    <ClInclude Include="source\units\unit_dialogue.h">
      <Filter>Header Files</Filter>
    </ClInclude>
    <ClInclude Include="source\units\vehicle_definitions.h">
      <Filter>Header Files</Filter>
    </ClInclude>
    <ClInclude Include="source\devices\device_machines.h">
      <Filter>Header Files</Filter>
    </ClInclude>
    <ClInclude Include="source\devices\devices.h">
      <Filter>Header Files</Filter>
    </ClInclude>
    <ClInclude Include="source\devices\device_controls.h">
      <Filter>Header Files</Filter>
    </ClInclude>
  </ItemGroup>
  <ItemGroup>
    <None Include="source\cseries\enum.inl">
      <Filter>Header Files</Filter>
    </None>
    <None Include="source\cseries\flags.inl">
      <Filter>Header Files</Filter>
    </None>
    <None Include="source\cseries\static_array.inl">
      <Filter>Header Files</Filter>
    </None>
    <None Include="source\cseries\static_string.inl">
      <Filter>Header Files</Filter>
    </None>
    <None Include="source\math\ahsv_color.inl">
      <Filter>Header Files</Filter>
    </None>
    <None Include="source\math\argb_color.inl">
      <Filter>Header Files</Filter>
    </None>
    <None Include="source\math\bounds.inl">
      <Filter>Header Files</Filter>
    </None>
    <None Include="source\math\euler_angles2d.inl">
      <Filter>Header Files</Filter>
    </None>
    <None Include="source\math\euler_angles3d.inl">
      <Filter>Header Files</Filter>
    </None>
    <None Include="source\math\hsv_color.inl">
      <Filter>Header Files</Filter>
    </None>
    <None Include="source\math\matrix3x3.inl">
      <Filter>Header Files</Filter>
    </None>
    <None Include="source\math\matrix4x3.inl">
      <Filter>Header Files</Filter>
    </None>
    <None Include="source\math\plane2d.inl">
      <Filter>Header Files</Filter>
    </None>
    <None Include="source\math\plane3d.inl">
      <Filter>Header Files</Filter>
    </None>
    <None Include="source\math\point2d.inl">
      <Filter>Header Files</Filter>
    </None>
    <None Include="source\math\point3d.inl">
      <Filter>Header Files</Filter>
    </None>
    <None Include="source\math\quaternion.inl">
      <Filter>Header Files</Filter>
    </None>
    <None Include="source\math\rectangle2d.inl">
      <Filter>Header Files</Filter>
    </None>
    <None Include="source\math\rgb_color.inl">
      <Filter>Header Files</Filter>
    </None>
    <None Include="source\math\vector2d.inl">
      <Filter>Header Files</Filter>
    </None>
    <None Include="source\math\vector3d.inl">
      <Filter>Header Files</Filter>
    </None>
    <None Include="source\math\vector4d.inl">
      <Filter>Header Files</Filter>
    </None>
    <None Include="source\tag_files\tag_block.inl">
      <Filter>Header Files</Filter>
    </None>
    <None Include="source\tag_files\tag_block_flags.inl">
      <Filter>Header Files</Filter>
    </None>
    <None Include="source\tag_files\tag_block_index.inl">
      <Filter>Header Files</Filter>
    </None>
  </ItemGroup>
</Project>