
Microsoft Visual Studio Solution File, Format Version 12.00
# Visual Studio Version 16
VisualStudioVersion = 16.0.29009.5
MinimumVisualStudioVersion = 10.0.40219.1
Project("{8BC9CEB8-8B4A-11D0-8D11-00A0C91BC942}") = "zeta", "Zeta\Zeta.vcxproj", "{C0B5475C-CBB2-4E03-AED8-D88D8BCDD77B}"
	ProjectSection(ProjectDependencies) = postProject
		{69CB464E-F007-42DF-A413-7B605059C7CB} = {69CB464E-F007-42DF-A413-7B605059C7CB}
		{F2F27F53-DA52-4C58-B4A3-1F1B20D2AB7F} = {F2F27F53-DA52-4C58-B4A3-1F1B20D2AB7F}
	EndProjectSection
EndProject
Project("{8BC9CEB8-8B4A-11D0-8D11-00A0C91BC942}") = "blamlib", "blamlib\blamlib.vcxproj", "{69CB464E-F007-42DF-A413-7B605059C7CB}"
EndProject
Project("{8BC9CEB8-8B4A-11D0-8D11-00A0C91BC942}") = "haloreach", "haloreach\haloreach.vcxproj", "{F2F27F53-DA52-4C58-B4A3-1F1B20D2AB7F}"
EndProject
Global
	GlobalSection(SolutionConfigurationPlatforms) = preSolution
		Debug|x64 = Debug|x64
		Debug|x86 = Debug|x86
		Release|x64 = Release|x64
		Release|x86 = Release|x86
	EndGlobalSection
	GlobalSection(ProjectConfigurationPlatforms) = postSolution
		{C0B5475C-CBB2-4E03-AED8-D88D8BCDD77B}.Debug|x64.ActiveCfg = Debug|x64
		{C0B5475C-CBB2-4E03-AED8-D88D8BCDD77B}.Debug|x64.Build.0 = Debug|x64
		{C0B5475C-CBB2-4E03-AED8-D88D8BCDD77B}.Debug|x86.ActiveCfg = Debug|Win32
		{C0B5475C-CBB2-4E03-AED8-D88D8BCDD77B}.Debug|x86.Build.0 = Debug|Win32
		{C0B5475C-CBB2-4E03-AED8-D88D8BCDD77B}.Release|x64.ActiveCfg = Release|x64
		{C0B5475C-CBB2-4E03-AED8-D88D8BCDD77B}.Release|x64.Build.0 = Release|x64
		{C0B5475C-CBB2-4E03-AED8-D88D8BCDD77B}.Release|x86.ActiveCfg = Release|Win32
		{C0B5475C-CBB2-4E03-AED8-D88D8BCDD77B}.Release|x86.Build.0 = Release|Win32
		{69CB464E-F007-42DF-A413-7B605059C7CB}.Debug|x64.ActiveCfg = Debug|x64
		{69CB464E-F007-42DF-A413-7B605059C7CB}.Debug|x64.Build.0 = Debug|x64
		{69CB464E-F007-42DF-A413-7B605059C7CB}.Debug|x86.ActiveCfg = Debug|Win32
		{69CB464E-F007-42DF-A413-7B605059C7CB}.Debug|x86.Build.0 = Debug|Win32
		{69CB464E-F007-42DF-A413-7B605059C7CB}.Release|x64.ActiveCfg = Release|x64
		{69CB464E-F007-42DF-A413-7B605059C7CB}.Release|x64.Build.0 = Release|x64
		{69CB464E-F007-42DF-A413-7B605059C7CB}.Release|x86.ActiveCfg = Release|Win32
		{69CB464E-F007-42DF-A413-7B605059C7CB}.Release|x86.Build.0 = Release|Win32
		{F2F27F53-DA52-4C58-B4A3-1F1B20D2AB7F}.Debug|x64.ActiveCfg = Debug|x64
		{F2F27F53-DA52-4C58-B4A3-1F1B20D2AB7F}.Debug|x64.Build.0 = Debug|x64
		{F2F27F53-DA52-4C58-B4A3-1F1B20D2AB7F}.Debug|x86.ActiveCfg = Debug|Win32
		{F2F27F53-DA52-4C58-B4A3-1F1B20D2AB7F}.Debug|x86.Build.0 = Debug|Win32
		{F2F27F53-DA52-4C58-B4A3-1F1B20D2AB7F}.Release|x64.ActiveCfg = Release|x64
		{F2F27F53-DA52-4C58-B4A3-1F1B20D2AB7F}.Release|x64.Build.0 = Release|x64
		{F2F27F53-DA52-4C58-B4A3-1F1B20D2AB7F}.Release|x86.ActiveCfg = Release|Win32
		{F2F27F53-DA52-4C58-B4A3-1F1B20D2AB7F}.Release|x86.Build.0 = Release|Win32
	EndGlobalSection
	GlobalSection(SolutionProperties) = preSolution
		HideSolutionNode = FALSE
	EndGlobalSection
	GlobalSection(ExtensibilityGlobals) = postSolution
		SolutionGuid = {943F067F-4F18-49F4-B068-3B37CBFF3F0E}
	EndGlobalSection
EndGlobal
