<?xml version="1.0" encoding="utf-8"?>
<Project ToolsVersion="4.0" xmlns="http://schemas.microsoft.com/developer/msbuild/2003">
  <ItemGroup>
    <Filter Include="Source Files">
      <UniqueIdentifier>{4FC737F1-C7A5-4376-A066-2A32D752A2FF}</UniqueIdentifier>
      <Extensions>cpp;c;cc;cxx;def;odl;idl;hpj;bat;asm;asmx</Extensions>
    </Filter>
    <Filter Include="Header Files">
      <UniqueIdentifier>{93995380-89BD-4b04-88EB-625FBE52EBFB}</UniqueIdentifier>
      <Extensions>h;hh;hpp;hxx;hm;inl;inc;ipp;xsd</Extensions>
    </Filter>
    <Filter Include="Resource Files">
      <UniqueIdentifier>{67DA6AB6-F800-4c08-8B7A-83BB121AAD01}</UniqueIdentifier>
      <Extensions>rc;ico;cur;bmp;dlg;rc2;rct;bin;rgs;gif;jpg;jpeg;jpe;resx;tiff;tif;png;wav;mfcribbon-ms</Extensions>
    </Filter>
  </ItemGroup>
  <ItemGroup>
    <ClCompile Include="source\cseries\cseries.cpp">
      <Filter>Source Files</Filter>
    </ClCompile>
    <ClCompile Include="source\cseries\cseries_asserts.cpp">
      <Filter>Source Files</Filter>
    </ClCompile>
    <ClCompile Include="source\cseries\cseries_errors.cpp">
      <Filter>Source Files</Filter>
    </ClCompile>
    <ClCompile Include="source\cseries\cseries_memory.cpp">
      <Filter>Source Files</Filter>
    </ClCompile>
    <ClCompile Include="source\cseries\cseries_string.cpp">
      <Filter>Source Files</Filter>
    </ClCompile>
    <ClCompile Include="source\zlib\adler32.c">
      <Filter>Source Files</Filter>
    </ClCompile>
    <ClCompile Include="source\zlib\compress.c">
      <Filter>Source Files</Filter>
    </ClCompile>
    <ClCompile Include="source\zlib\crc32.c">
      <Filter>Source Files</Filter>
    </ClCompile>
    <ClCompile Include="source\zlib\deflate.c">
      <Filter>Source Files</Filter>
    </ClCompile>
    <ClCompile Include="source\zlib\gzclose.c">
      <Filter>Source Files</Filter>
    </ClCompile>
    <ClCompile Include="source\zlib\gzlib.c">
      <Filter>Source Files</Filter>
    </ClCompile>
    <ClCompile Include="source\zlib\gzread.c">
      <Filter>Source Files</Filter>
    </ClCompile>
    <ClCompile Include="source\zlib\gzwrite.c">
      <Filter>Source Files</Filter>
    </ClCompile>
    <ClCompile Include="source\zlib\infback.c">
      <Filter>Source Files</Filter>
    </ClCompile>
    <ClCompile Include="source\zlib\inffast.c">
      <Filter>Source Files</Filter>
    </ClCompile>
    <ClCompile Include="source\zlib\inflate.c">
      <Filter>Source Files</Filter>
    </ClCompile>
    <ClCompile Include="source\zlib\inftrees.c">
      <Filter>Source Files</Filter>
    </ClCompile>
    <ClCompile Include="source\zlib\trees.c">
      <Filter>Source Files</Filter>
    </ClCompile>
    <ClCompile Include="source\zlib\uncompr.c">
      <Filter>Source Files</Filter>
    </ClCompile>
    <ClCompile Include="source\zlib\zutil.c">
      <Filter>Source Files</Filter>
    </ClCompile>
    <ClCompile Include="source\math\integer_math.cpp">
      <Filter>Source Files</Filter>
    </ClCompile>
    <ClCompile Include="source\math\real_math.cpp">
      <Filter>Source Files</Filter>
    </ClCompile>
    <ClCompile Include="source\datatypes\static_string.cpp">
      <Filter>Source Files</Filter>
    </ClCompile>
    <ClCompile Include="source\cache\cache_files_base.cpp">
      <Filter>Source Files</Filter>
    </ClCompile>
  </ItemGroup>
  <ItemGroup>
    <ClInclude Include="source\cseries\cseries.h">
      <Filter>Header Files</Filter>
    </ClInclude>
    <ClInclude Include="source\cseries\cseries_asserts.h">
      <Filter>Header Files</Filter>
    </ClInclude>
    <ClInclude Include="source\cseries\cseries_errors.h">
      <Filter>Header Files</Filter>
    </ClInclude>
    <ClInclude Include="source\cseries\cseries_memory.h">
      <Filter>Header Files</Filter>
    </ClInclude>
    <ClInclude Include="source\cseries\cseries_string.h">
      <Filter>Header Files</Filter>
    </ClInclude>
    <ClInclude Include="source\cseries\language.h">
      <Filter>Header Files</Filter>
    </ClInclude>
    <ClInclude Include="source\zlib\crc32.h">
      <Filter>Header Files</Filter>
    </ClInclude>
    <ClInclude Include="source\zlib\deflate.h">
      <Filter>Header Files</Filter>
    </ClInclude>
    <ClInclude Include="source\zlib\gzguts.h">
      <Filter>Header Files</Filter>
    </ClInclude>
    <ClInclude Include="source\zlib\inffast.h">
      <Filter>Header Files</Filter>
    </ClInclude>
    <ClInclude Include="source\zlib\inffixed.h">
      <Filter>Header Files</Filter>
    </ClInclude>
    <ClInclude Include="source\zlib\inflate.h">
      <Filter>Header Files</Filter>
    </ClInclude>
    <ClInclude Include="source\zlib\inftrees.h">
      <Filter>Header Files</Filter>
    </ClInclude>
    <ClInclude Include="source\zlib\trees.h">
      <Filter>Header Files</Filter>
    </ClInclude>
    <ClInclude Include="source\zlib\zconf.h">
      <Filter>Header Files</Filter>
    </ClInclude>
    <ClInclude Include="source\zlib\zlib.h">
      <Filter>Header Files</Filter>
    </ClInclude>
    <ClInclude Include="source\zlib\zutil.h">
      <Filter>Header Files</Filter>
    </ClInclude>
    <ClInclude Include="source\math\function_definitions.h">
      <Filter>Header Files</Filter>
    </ClInclude>
    <ClInclude Include="source\math\integer_math.h">
      <Filter>Header Files</Filter>
    </ClInclude>
    <ClInclude Include="source\math\real_math.h">
      <Filter>Header Files</Filter>
    </ClInclude>
    <ClInclude Include="source\datatypes\enum.h">
      <Filter>Header Files</Filter>
    </ClInclude>
    <ClInclude Include="source\datatypes\flags.h">
      <Filter>Header Files</Filter>
    </ClInclude>
    <ClInclude Include="source\datatypes\static_array.h">
      <Filter>Header Files</Filter>
    </ClInclude>
    <ClInclude Include="source\datatypes\static_string.h">
      <Filter>Header Files</Filter>
    </ClInclude>
    <ClInclude Include="source\cache\cache_files_base.h">
      <Filter>Header Files</Filter>
    </ClInclude>
    <ClInclude Include="source\memory\data_base.h">
      <Filter>Header Files</Filter>
    </ClInclude>
    <ClInclude Include="source\tag_files\tag_definitions_base.h">
      <Filter>Header Files</Filter>
    </ClInclude>
  </ItemGroup>
  <ItemGroup>
    <None Include="source\math\ahsv_color.inl">
      <Filter>Header Files</Filter>
    </None>
    <None Include="source\math\argb_color.inl">
      <Filter>Header Files</Filter>
    </None>
    <None Include="source\math\bounds.inl">
      <Filter>Header Files</Filter>
    </None>
    <None Include="source\math\euler_angles2d.inl">
      <Filter>Header Files</Filter>
    </None>
    <None Include="source\math\euler_angles3d.inl">
      <Filter>Header Files</Filter>
    </None>
    <None Include="source\math\hsv_color.inl">
      <Filter>Header Files</Filter>
    </None>
    <None Include="source\math\matrix3x3.inl">
      <Filter>Header Files</Filter>
    </None>
    <None Include="source\math\matrix4x3.inl">
      <Filter>Header Files</Filter>
    </None>
    <None Include="source\math\plane2d.inl">
      <Filter>Header Files</Filter>
    </None>
    <None Include="source\math\plane3d.inl">
      <Filter>Header Files</Filter>
    </None>
    <None Include="source\math\point2d.inl">
      <Filter>Header Files</Filter>
    </None>
    <None Include="source\math\point3d.inl">
      <Filter>Header Files</Filter>
    </None>
    <None Include="source\math\quaternion.inl">
      <Filter>Header Files</Filter>
    </None>
    <None Include="source\math\rectangle2d.inl">
      <Filter>Header Files</Filter>
    </None>
    <None Include="source\math\rgb_color.inl">
      <Filter>Header Files</Filter>
    </None>
    <None Include="source\math\vector2d.inl">
      <Filter>Header Files</Filter>
    </None>
    <None Include="source\math\vector3d.inl">
      <Filter>Header Files</Filter>
    </None>
    <None Include="source\math\vector4d.inl">
      <Filter>Header Files</Filter>
    </None>
  </ItemGroup>
</Project>